
Microsoft Visual Studio Solution File, Format Version 12.00
# Visual Studio Version 17
VisualStudioVersion = 17.2.32526.322
MinimumVisualStudioVersion = 10.0.40219.1
Project("{FAE04EC0-301F-11D3-BF4B-00C04F79EFBC}") = "LiskovPrinciple", "LiskovPrinciple\LiskovPrinciple.csproj", "{01EA3294-5DA1-40E7-B4E8-CC420F02EE5D}"
EndProject
Global
	GlobalSection(SolutionConfigurationPlatforms) = preSolution
		Debug|Any CPU = Debug|Any CPU
		Release|Any CPU = Release|Any CPU
	EndGlobalSection
	GlobalSection(ProjectConfigurationPlatforms) = postSolution
		{01EA3294-5DA1-40E7-B4E8-CC420F02EE5D}.Debug|Any CPU.ActiveCfg = Debug|Any CPU
		{01EA3294-5DA1-40E7-B4E8-CC420F02EE5D}.Debug|Any CPU.Build.0 = Debug|Any CPU
		{01EA3294-5DA1-40E7-B4E8-CC420F02EE5D}.Release|Any CPU.ActiveCfg = Release|Any CPU
		{01EA3294-5DA1-40E7-B4E8-CC420F02EE5D}.Release|Any CPU.Build.0 = Release|Any CPU
	EndGlobalSection
	GlobalSection(SolutionProperties) = preSolution
		HideSolutionNode = FALSE
	EndGlobalSection
	GlobalSection(ExtensibilityGlobals) = postSolution
		SolutionGuid = {996A5AF0-D196-43FD-B638-BD57A3AE1627}
	EndGlobalSection
EndGlobal
